
Microsoft Visual Studio Solution File, Format Version 12.00
# Visual Studio 15
VisualStudioVersion = 15.0.28307.645
MinimumVisualStudioVersion = 10.0.40219.1
Project("{FAE04EC0-301F-11D3-BF4B-00C04F79EFBC}") = "App6", "App6\App6.csproj", "{A16625FB-39DB-47A3-995C-5607A0A2D610}"
EndProject
Global
	GlobalSection(SolutionConfigurationPlatforms) = preSolution
		Debug|Any CPU = Debug|Any CPU
		Release|Any CPU = Release|Any CPU
	EndGlobalSection
	GlobalSection(ProjectConfigurationPlatforms) = postSolution
		{A16625FB-39DB-47A3-995C-5607A0A2D610}.Debug|Any CPU.ActiveCfg = Debug|Any CPU
		{A16625FB-39DB-47A3-995C-5607A0A2D610}.Debug|Any CPU.Build.0 = Debug|Any CPU
		{A16625FB-39DB-47A3-995C-5607A0A2D610}.Debug|Any CPU.Deploy.0 = Debug|Any CPU
		{A16625FB-39DB-47A3-995C-5607A0A2D610}.Release|Any CPU.ActiveCfg = Release|Any CPU
		{A16625FB-39DB-47A3-995C-5607A0A2D610}.Release|Any CPU.Build.0 = Release|Any CPU
		{A16625FB-39DB-47A3-995C-5607A0A2D610}.Release|Any CPU.Deploy.0 = Release|Any CPU
	EndGlobalSection
	GlobalSection(SolutionProperties) = preSolution
		HideSolutionNode = FALSE
	EndGlobalSection
	GlobalSection(ExtensibilityGlobals) = postSolution
		SolutionGuid = {EFD48D1C-B412-4084-BD2C-5122E774415D}
	EndGlobalSection
EndGlobal
